
Microsoft Visual Studio Solution File, Format Version 12.00
# Visual Studio 15
VisualStudioVersion = 15.0.27703.2047
MinimumVisualStudioVersion = 10.0.40219.1
Project("{8BC9CEB8-8B4A-11D0-8D11-00A0C91BC942}") = "naga", "..\..\engine\projects\msvc\engine.vcxproj", "{FEE27E9B-79E9-4666-A0A4-88E089142538}"
EndProject
Project("{888888A0-9F3D-457C-B088-3A5042F75D52}") = "window", "..\..\examples\window\window\window.pyproj", "{BD2FB802-24C6-407B-A5D8-86CE2E45E939}"
EndProject
Global
	GlobalSection(SolutionConfigurationPlatforms) = preSolution
		Debug|Any CPU = Debug|Any CPU
		Debug|ARM = Debug|ARM
		Debug|Mixed Platforms = Debug|Mixed Platforms
		Debug|Win32 = Debug|Win32
		Debug|Win64 = Debug|Win64
		Debug|x64 = Debug|x64
		Release|Any CPU = Release|Any CPU
		Release|ARM = Release|ARM
		Release|Mixed Platforms = Release|Mixed Platforms
		Release|Win32 = Release|Win32
		Release|Win64 = Release|Win64
		Release|x64 = Release|x64
	EndGlobalSection
	GlobalSection(ProjectConfigurationPlatforms) = postSolution
		{FEE27E9B-79E9-4666-A0A4-88E089142538}.Debug|Any CPU.ActiveCfg = Debug|Win32
		{FEE27E9B-79E9-4666-A0A4-88E089142538}.Debug|ARM.ActiveCfg = Debug|Win32
		{FEE27E9B-79E9-4666-A0A4-88E089142538}.Debug|Mixed Platforms.ActiveCfg = Debug|x64
		{FEE27E9B-79E9-4666-A0A4-88E089142538}.Debug|Mixed Platforms.Build.0 = Debug|x64
		{FEE27E9B-79E9-4666-A0A4-88E089142538}.Debug|Win32.ActiveCfg = Debug|Win32
		{FEE27E9B-79E9-4666-A0A4-88E089142538}.Debug|Win32.Build.0 = Debug|Win32
		{FEE27E9B-79E9-4666-A0A4-88E089142538}.Debug|Win64.ActiveCfg = Debug|x64
		{FEE27E9B-79E9-4666-A0A4-88E089142538}.Debug|Win64.Build.0 = Debug|x64
		{FEE27E9B-79E9-4666-A0A4-88E089142538}.Debug|x64.ActiveCfg = Debug|x64
		{FEE27E9B-79E9-4666-A0A4-88E089142538}.Debug|x64.Build.0 = Debug|x64
		{FEE27E9B-79E9-4666-A0A4-88E089142538}.Release|Any CPU.ActiveCfg = Release|Win32
		{FEE27E9B-79E9-4666-A0A4-88E089142538}.Release|ARM.ActiveCfg = Release|Win32
		{FEE27E9B-79E9-4666-A0A4-88E089142538}.Release|Mixed Platforms.ActiveCfg = Release|Win32
		{FEE27E9B-79E9-4666-A0A4-88E089142538}.Release|Mixed Platforms.Build.0 = Release|Win32
		{FEE27E9B-79E9-4666-A0A4-88E089142538}.Release|Win32.ActiveCfg = Release|Win32
		{FEE27E9B-79E9-4666-A0A4-88E089142538}.Release|Win32.Build.0 = Release|Win32
		{FEE27E9B-79E9-4666-A0A4-88E089142538}.Release|Win64.ActiveCfg = Release|x64
		{FEE27E9B-79E9-4666-A0A4-88E089142538}.Release|Win64.Build.0 = Release|x64
		{FEE27E9B-79E9-4666-A0A4-88E089142538}.Release|x64.ActiveCfg = Release|x64
		{FEE27E9B-79E9-4666-A0A4-88E089142538}.Release|x64.Build.0 = Release|x64
		{BD2FB802-24C6-407B-A5D8-86CE2E45E939}.Debug|Any CPU.ActiveCfg = Debug|Any CPU
		{BD2FB802-24C6-407B-A5D8-86CE2E45E939}.Debug|ARM.ActiveCfg = Debug|Any CPU
		{BD2FB802-24C6-407B-A5D8-86CE2E45E939}.Debug|Mixed Platforms.ActiveCfg = Debug|Any CPU
		{BD2FB802-24C6-407B-A5D8-86CE2E45E939}.Debug|Win32.ActiveCfg = Debug|Any CPU
		{BD2FB802-24C6-407B-A5D8-86CE2E45E939}.Debug|Win64.ActiveCfg = Debug|Any CPU
		{BD2FB802-24C6-407B-A5D8-86CE2E45E939}.Debug|x64.ActiveCfg = Debug|Any CPU
		{BD2FB802-24C6-407B-A5D8-86CE2E45E939}.Release|Any CPU.ActiveCfg = Release|Any CPU
		{BD2FB802-24C6-407B-A5D8-86CE2E45E939}.Release|ARM.ActiveCfg = Release|Any CPU
		{BD2FB802-24C6-407B-A5D8-86CE2E45E939}.Release|Mixed Platforms.ActiveCfg = Release|Any CPU
		{BD2FB802-24C6-407B-A5D8-86CE2E45E939}.Release|Win32.ActiveCfg = Release|Any CPU
		{BD2FB802-24C6-407B-A5D8-86CE2E45E939}.Release|Win64.ActiveCfg = Release|Any CPU
		{BD2FB802-24C6-407B-A5D8-86CE2E45E939}.Release|x64.ActiveCfg = Release|Any CPU
	EndGlobalSection
	GlobalSection(SolutionProperties) = preSolution
		HideSolutionNode = FALSE
	EndGlobalSection
	GlobalSection(ExtensibilityGlobals) = postSolution
		SolutionGuid = {24CA5103-467B-4206-A3C1-EED95BA46B84}
	EndGlobalSection
EndGlobal
